// !$*UTF8*$!
{
	archiveVersion = 1;
	classes = {
	};
	objectVersion = 56;
	objects = {

/* Begin PBXBuildFile section */
		510C09492A4CFD4B001B26A0 /* VisionDockApp.swift in Sources */ = {isa = PBXBuildFile; fileRef = 510C09482A4CFD4B001B26A0 /* VisionDockApp.swift */; };
		510C094B2A4CFD4B001B26A0 /* ContentView.swift in Sources */ = {isa = PBXBuildFile; fileRef = 510C094A2A4CFD4B001B26A0 /* ContentView.swift */; };
		510C094D2A4CFD4D001B26A0 /* Assets.xcassets in Resources */ = {isa = PBXBuildFile; fileRef = 510C094C2A4CFD4D001B26A0 /* Assets.xcassets */; };
		510C09502A4CFD4D001B26A0 /* Preview Assets.xcassets in Resources */ = {isa = PBXBuildFile; fileRef = 510C094F2A4CFD4D001B26A0 /* Preview Assets.xcassets */; };
		510C095A2A4CFD4D001B26A0 /* VisionDockTests.swift in Sources */ = {isa = PBXBuildFile; fileRef = 510C09592A4CFD4D001B26A0 /* VisionDockTests.swift */; };
		510C09642A4CFD4D001B26A0 /* VisionDockUITests.swift in Sources */ = {isa = PBXBuildFile; fileRef = 510C09632A4CFD4D001B26A0 /* VisionDockUITests.swift */; };
		510C09662A4CFD4D001B26A0 /* VisionDockUITestsLaunchTests.swift in Sources */ = {isa = PBXBuildFile; fileRef = 510C09652A4CFD4D001B26A0 /* VisionDockUITestsLaunchTests.swift */; };
		511418352A4F1A110077BAFF /* Settings.swift in Sources */ = {isa = PBXBuildFile; fileRef = 511418342A4F1A110077BAFF /* Settings.swift */; };
		515FA8E32A58E1E200C38EF1 /* DragAndDrop.swift in Sources */ = {isa = PBXBuildFile; fileRef = 515FA8E22A58E1E200C38EF1 /* DragAndDrop.swift */; };
		518747882A77821300109E11 /* SettingsAvailableShortcuts.swift in Sources */ = {isa = PBXBuildFile; fileRef = 518747872A77821300109E11 /* SettingsAvailableShortcuts.swift */; };
		518C0D462B5EBB710085308C /* SettingsManageShortcuts.swift in Sources */ = {isa = PBXBuildFile; fileRef = 518C0D452B5EBB710085308C /* SettingsManageShortcuts.swift */; };
		518C0D482B5EC1F00085308C /* SettingsManageApps.swift in Sources */ = {isa = PBXBuildFile; fileRef = 518C0D472B5EC1F00085308C /* SettingsManageApps.swift */; };
		518C0D4A2B6605E00085308C /* SettingsAvailableApps.swift in Sources */ = {isa = PBXBuildFile; fileRef = 518C0D492B6605E00085308C /* SettingsAvailableApps.swift */; };
		519D47EC2A50897C00928EF8 /* SettingsAbout.swift in Sources */ = {isa = PBXBuildFile; fileRef = 519D47EB2A50897C00928EF8 /* SettingsAbout.swift */; };
		519D47EF2A509B7000928EF8 /* SettingsFeatures.swift in Sources */ = {isa = PBXBuildFile; fileRef = 519D47EE2A509B7000928EF8 /* SettingsFeatures.swift */; };
		519D47F32A509B9500928EF8 /* SettingsManageDock.swift in Sources */ = {isa = PBXBuildFile; fileRef = 519D47F22A509B9500928EF8 /* SettingsManageDock.swift */; };
		519D47F52A509B9F00928EF8 /* SettingsMessages.swift in Sources */ = {isa = PBXBuildFile; fileRef = 519D47F42A509B9F00928EF8 /* SettingsMessages.swift */; };
		519D47F72A509BC400928EF8 /* SettingsReset.swift in Sources */ = {isa = PBXBuildFile; fileRef = 519D47F62A509BC400928EF8 /* SettingsReset.swift */; };
		51D5FAA52A70E36600006225 /* SettingsSubscription.swift in Sources */ = {isa = PBXBuildFile; fileRef = 51D5FAA42A70E36600006225 /* SettingsSubscription.swift */; };
		51E1D9872A7F34AC0060F979 /* FBFileManager.swift in Sources */ = {isa = PBXBuildFile; fileRef = 51E1D9862A7F34AC0060F979 /* FBFileManager.swift */; };
		51F2103B2A4E09FE0046D66B /* TimeManagement.swift in Sources */ = {isa = PBXBuildFile; fileRef = 51F2103A2A4E09FE0046D66B /* TimeManagement.swift */; };
		E91038E02A6DC0810077EB9A /* IconUtils.swift in Sources */ = {isa = PBXBuildFile; fileRef = E91038DF2A6DC0810077EB9A /* IconUtils.swift */; };
		E92219B22A929FA200D8BD82 /* AppManager.swift in Sources */ = {isa = PBXBuildFile; fileRef = E92219B12A929FA200D8BD82 /* AppManager.swift */; };
		E9775BCE2B5C1EFF002B333A /* StoreController.swift in Sources */ = {isa = PBXBuildFile; fileRef = E9775BCD2B5C1EFF002B333A /* StoreController.swift */; };
		E9775BD02B5C207C002B333A /* ProductsView.swift in Sources */ = {isa = PBXBuildFile; fileRef = E9775BCF2B5C207C002B333A /* ProductsView.swift */; };
		E9775BD32B5C26A9002B333A /* VDProUnlimitedApps.swift in Sources */ = {isa = PBXBuildFile; fileRef = E9775BD22B5C26A9002B333A /* VDProUnlimitedApps.swift */; };
		E989719B2A6DB0A90067A398 /* tsconfig.json in Resources */ = {isa = PBXBuildFile; fileRef = E98971952A6DB0A90067A398 /* tsconfig.json */; };
		E989719C2A6DB0A90067A398 /* package.json in Resources */ = {isa = PBXBuildFile; fileRef = E98971962A6DB0A90067A398 /* package.json */; };
		E989719D2A6DB0A90067A398 /* package-lock.json in Resources */ = {isa = PBXBuildFile; fileRef = E98971972A6DB0A90067A398 /* package-lock.json */; };
		E989719E2A6DB0A90067A398 /* .gitignore in Resources */ = {isa = PBXBuildFile; fileRef = E98971982A6DB0A90067A398 /* .gitignore */; };
		E989719F2A6DB0A90067A398 /* icons in Resources */ = {isa = PBXBuildFile; fileRef = E98971992A6DB0A90067A398 /* icons */; };
		E98971A02A6DB0A90067A398 /* src in Resources */ = {isa = PBXBuildFile; fileRef = E989719A2A6DB0A90067A398 /* src */; };
/* End PBXBuildFile section */

/* Begin PBXContainerItemProxy section */
		510C09562A4CFD4D001B26A0 /* PBXContainerItemProxy */ = {
			isa = PBXContainerItemProxy;
			containerPortal = 510C093D2A4CFD4B001B26A0 /* Project object */;
			proxyType = 1;
			remoteGlobalIDString = 510C09442A4CFD4B001B26A0;
			remoteInfo = VisionDock;
		};
		510C09602A4CFD4D001B26A0 /* PBXContainerItemProxy */ = {
			isa = PBXContainerItemProxy;
			containerPortal = 510C093D2A4CFD4B001B26A0 /* Project object */;
			proxyType = 1;
			remoteGlobalIDString = 510C09442A4CFD4B001B26A0;
			remoteInfo = VisionDock;
		};
/* End PBXContainerItemProxy section */

/* Begin PBXFileReference section */
		510C09452A4CFD4B001B26A0 /* SpatialDock.app */ = {isa = PBXFileReference; explicitFileType = wrapper.application; includeInIndex = 0; path = SpatialDock.app; sourceTree = BUILT_PRODUCTS_DIR; };
		510C09482A4CFD4B001B26A0 /* VisionDockApp.swift */ = {isa = PBXFileReference; lastKnownFileType = sourcecode.swift; path = VisionDockApp.swift; sourceTree = "<group>"; };
		510C094A2A4CFD4B001B26A0 /* ContentView.swift */ = {isa = PBXFileReference; lastKnownFileType = sourcecode.swift; path = ContentView.swift; sourceTree = "<group>"; };
		510C094C2A4CFD4D001B26A0 /* Assets.xcassets */ = {isa = PBXFileReference; lastKnownFileType = folder.assetcatalog; path = Assets.xcassets; sourceTree = "<group>"; };
		510C094F2A4CFD4D001B26A0 /* Preview Assets.xcassets */ = {isa = PBXFileReference; lastKnownFileType = folder.assetcatalog; path = "Preview Assets.xcassets"; sourceTree = "<group>"; };
		510C09552A4CFD4D001B26A0 /* SpatialDockTests.xctest */ = {isa = PBXFileReference; explicitFileType = wrapper.cfbundle; includeInIndex = 0; path = SpatialDockTests.xctest; sourceTree = BUILT_PRODUCTS_DIR; };
		510C09592A4CFD4D001B26A0 /* VisionDockTests.swift */ = {isa = PBXFileReference; lastKnownFileType = sourcecode.swift; path = VisionDockTests.swift; sourceTree = "<group>"; };
		510C095F2A4CFD4D001B26A0 /* SpatialDockUITests.xctest */ = {isa = PBXFileReference; explicitFileType = wrapper.cfbundle; includeInIndex = 0; path = SpatialDockUITests.xctest; sourceTree = BUILT_PRODUCTS_DIR; };
		510C09632A4CFD4D001B26A0 /* VisionDockUITests.swift */ = {isa = PBXFileReference; lastKnownFileType = sourcecode.swift; path = VisionDockUITests.swift; sourceTree = "<group>"; };
		510C09652A4CFD4D001B26A0 /* VisionDockUITestsLaunchTests.swift */ = {isa = PBXFileReference; lastKnownFileType = sourcecode.swift; path = VisionDockUITestsLaunchTests.swift; sourceTree = "<group>"; };
		511418342A4F1A110077BAFF /* Settings.swift */ = {isa = PBXFileReference; lastKnownFileType = sourcecode.swift; path = Settings.swift; sourceTree = "<group>"; };
		515FA8E22A58E1E200C38EF1 /* DragAndDrop.swift */ = {isa = PBXFileReference; lastKnownFileType = sourcecode.swift; path = DragAndDrop.swift; sourceTree = "<group>"; };
		518747872A77821300109E11 /* SettingsAvailableShortcuts.swift */ = {isa = PBXFileReference; fileEncoding = 4; lastKnownFileType = sourcecode.swift; name = SettingsAvailableShortcuts.swift; path = VisionDock/SettingsAvailableShortcuts.swift; sourceTree = SOURCE_ROOT; };
		518C0D452B5EBB710085308C /* SettingsManageShortcuts.swift */ = {isa = PBXFileReference; lastKnownFileType = sourcecode.swift; path = SettingsManageShortcuts.swift; sourceTree = "<group>"; };
		518C0D472B5EC1F00085308C /* SettingsManageApps.swift */ = {isa = PBXFileReference; lastKnownFileType = sourcecode.swift; path = SettingsManageApps.swift; sourceTree = "<group>"; };
		518C0D492B6605E00085308C /* SettingsAvailableApps.swift */ = {isa = PBXFileReference; lastKnownFileType = sourcecode.swift; path = SettingsAvailableApps.swift; sourceTree = "<group>"; };
		519D47EB2A50897C00928EF8 /* SettingsAbout.swift */ = {isa = PBXFileReference; lastKnownFileType = sourcecode.swift; path = SettingsAbout.swift; sourceTree = "<group>"; };
		519D47EE2A509B7000928EF8 /* SettingsFeatures.swift */ = {isa = PBXFileReference; lastKnownFileType = sourcecode.swift; path = SettingsFeatures.swift; sourceTree = "<group>"; };
		519D47F22A509B9500928EF8 /* SettingsManageDock.swift */ = {isa = PBXFileReference; lastKnownFileType = sourcecode.swift; path = SettingsManageDock.swift; sourceTree = "<group>"; };
		519D47F42A509B9F00928EF8 /* SettingsMessages.swift */ = {isa = PBXFileReference; lastKnownFileType = sourcecode.swift; path = SettingsMessages.swift; sourceTree = "<group>"; };
		519D47F62A509BC400928EF8 /* SettingsReset.swift */ = {isa = PBXFileReference; lastKnownFileType = sourcecode.swift; path = SettingsReset.swift; sourceTree = "<group>"; };
		51C8F24E2A5910FA000B7FE9 /* SpatialDock-Info.plist */ = {isa = PBXFileReference; lastKnownFileType = text.plist; path = "SpatialDock-Info.plist"; sourceTree = "<group>"; };
		51D5FAA42A70E36600006225 /* SettingsSubscription.swift */ = {isa = PBXFileReference; lastKnownFileType = sourcecode.swift; path = SettingsSubscription.swift; sourceTree = "<group>"; };
		51E1D9862A7F34AC0060F979 /* FBFileManager.swift */ = {isa = PBXFileReference; fileEncoding = 4; lastKnownFileType = sourcecode.swift; path = FBFileManager.swift; sourceTree = "<group>"; };
		51F2103A2A4E09FE0046D66B /* TimeManagement.swift */ = {isa = PBXFileReference; lastKnownFileType = sourcecode.swift; path = TimeManagement.swift; sourceTree = "<group>"; };
		51F2103D2A4E29460046D66B /* XCTest.framework */ = {isa = PBXFileReference; lastKnownFileType = wrapper.framework; name = XCTest.framework; path = Platforms/XROS.platform/Developer/Library/Frameworks/XCTest.framework; sourceTree = DEVELOPER_DIR; };
		E91038DF2A6DC0810077EB9A /* IconUtils.swift */ = {isa = PBXFileReference; lastKnownFileType = sourcecode.swift; path = IconUtils.swift; sourceTree = "<group>"; };
		E92219B12A929FA200D8BD82 /* AppManager.swift */ = {isa = PBXFileReference; lastKnownFileType = sourcecode.swift; path = AppManager.swift; sourceTree = "<group>"; };
		E9775BCC2B5C1E4C002B333A /* Products.storekit */ = {isa = PBXFileReference; lastKnownFileType = text; path = Products.storekit; sourceTree = "<group>"; };
		E9775BCD2B5C1EFF002B333A /* StoreController.swift */ = {isa = PBXFileReference; lastKnownFileType = sourcecode.swift; path = StoreController.swift; sourceTree = "<group>"; };
		E9775BCF2B5C207C002B333A /* ProductsView.swift */ = {isa = PBXFileReference; fileEncoding = 4; lastKnownFileType = sourcecode.swift; path = ProductsView.swift; sourceTree = "<group>"; };
		E9775BD22B5C26A9002B333A /* VDProUnlimitedApps.swift */ = {isa = PBXFileReference; lastKnownFileType = sourcecode.swift; path = VDProUnlimitedApps.swift; sourceTree = "<group>"; };
		E98971952A6DB0A90067A398 /* tsconfig.json */ = {isa = PBXFileReference; fileEncoding = 4; lastKnownFileType = text.json; path = tsconfig.json; sourceTree = "<group>"; };
		E98971962A6DB0A90067A398 /* package.json */ = {isa = PBXFileReference; fileEncoding = 4; lastKnownFileType = text.json; path = package.json; sourceTree = "<group>"; };
		E98971972A6DB0A90067A398 /* package-lock.json */ = {isa = PBXFileReference; fileEncoding = 4; lastKnownFileType = text.json; path = "package-lock.json"; sourceTree = "<group>"; };
		E98971982A6DB0A90067A398 /* .gitignore */ = {isa = PBXFileReference; fileEncoding = 4; lastKnownFileType = text; path = .gitignore; sourceTree = "<group>"; };
		E98971992A6DB0A90067A398 /* icons */ = {isa = PBXFileReference; lastKnownFileType = folder; path = icons; sourceTree = "<group>"; };
		E989719A2A6DB0A90067A398 /* src */ = {isa = PBXFileReference; lastKnownFileType = folder; path = src; sourceTree = "<group>"; };
/* End PBXFileReference section */

/* Begin PBXFrameworksBuildPhase section */
		510C09422A4CFD4B001B26A0 /* Frameworks */ = {
			isa = PBXFrameworksBuildPhase;
			buildActionMask = 2147483647;
			files = (
			);
			runOnlyForDeploymentPostprocessing = 0;
		};
		510C09522A4CFD4D001B26A0 /* Frameworks */ = {
			isa = PBXFrameworksBuildPhase;
			buildActionMask = 2147483647;
			files = (
			);
			runOnlyForDeploymentPostprocessing = 0;
		};
		510C095C2A4CFD4D001B26A0 /* Frameworks */ = {
			isa = PBXFrameworksBuildPhase;
			buildActionMask = 2147483647;
			files = (
			);
			runOnlyForDeploymentPostprocessing = 0;
		};
/* End PBXFrameworksBuildPhase section */

/* Begin PBXGroup section */
		510C093C2A4CFD4B001B26A0 = {
			isa = PBXGroup;
			children = (
				E98971942A6DAFE50067A398 /* IconsServer */,
				51C8F24E2A5910FA000B7FE9 /* SpatialDock-Info.plist */,
				510C09472A4CFD4B001B26A0 /* VisionDock */,
				510C09582A4CFD4D001B26A0 /* VisionDockTests */,
				510C09622A4CFD4D001B26A0 /* VisionDockUITests */,
				510C09462A4CFD4B001B26A0 /* Products */,
				51F2103C2A4E29450046D66B /* Frameworks */,
			);
			sourceTree = "<group>";
		};
		510C09462A4CFD4B001B26A0 /* Products */ = {
			isa = PBXGroup;
			children = (
				510C09452A4CFD4B001B26A0 /* SpatialDock.app */,
				510C09552A4CFD4D001B26A0 /* SpatialDockTests.xctest */,
				510C095F2A4CFD4D001B26A0 /* SpatialDockUITests.xctest */,
			);
			name = Products;
			sourceTree = "<group>";
		};
		510C09472A4CFD4B001B26A0 /* VisionDock */ = {
			isa = PBXGroup;
			children = (
				510C09482A4CFD4B001B26A0 /* VisionDockApp.swift */,
				515FA8E22A58E1E200C38EF1 /* DragAndDrop.swift */,
				51E1D9862A7F34AC0060F979 /* FBFileManager.swift */,
				E92219B12A929FA200D8BD82 /* AppManager.swift */,
				E9775BCD2B5C1EFF002B333A /* StoreController.swift */,
				E9775BCF2B5C207C002B333A /* ProductsView.swift */,
				E9775BD12B5C2698002B333A /* ProSellingPoints */,
				E9775BCC2B5C1E4C002B333A /* Products.storekit */,
				51F2103A2A4E09FE0046D66B /* TimeManagement.swift */,
				E91038DF2A6DC0810077EB9A /* IconUtils.swift */,
				510C094A2A4CFD4B001B26A0 /* ContentView.swift */,
				519D47ED2A509B5A00928EF8 /* Settings */,
				510C094C2A4CFD4D001B26A0 /* Assets.xcassets */,
				510C094E2A4CFD4D001B26A0 /* Preview Content */,
			);
			path = VisionDock;
			sourceTree = "<group>";
		};
		510C094E2A4CFD4D001B26A0 /* Preview Content */ = {
			isa = PBXGroup;
			children = (
				510C094F2A4CFD4D001B26A0 /* Preview Assets.xcassets */,
			);
			path = "Preview Content";
			sourceTree = "<group>";
		};
		510C09582A4CFD4D001B26A0 /* VisionDockTests */ = {
			isa = PBXGroup;
			children = (
				510C09592A4CFD4D001B26A0 /* VisionDockTests.swift */,
			);
			path = VisionDockTests;
			sourceTree = "<group>";
		};
		510C09622A4CFD4D001B26A0 /* VisionDockUITests */ = {
			isa = PBXGroup;
			children = (
				510C09632A4CFD4D001B26A0 /* VisionDockUITests.swift */,
				510C09652A4CFD4D001B26A0 /* VisionDockUITestsLaunchTests.swift */,
			);
			path = VisionDockUITests;
			sourceTree = "<group>";
		};
		519D47ED2A509B5A00928EF8 /* Settings */ = {
			isa = PBXGroup;
			children = (
				511418342A4F1A110077BAFF /* Settings.swift */,
				519D47EB2A50897C00928EF8 /* SettingsAbout.swift */,
				519D47F22A509B9500928EF8 /* SettingsManageDock.swift */,
				518C0D452B5EBB710085308C /* SettingsManageShortcuts.swift */,
				518C0D472B5EC1F00085308C /* SettingsManageApps.swift */,
				519D47EE2A509B7000928EF8 /* SettingsFeatures.swift */,
				518747872A77821300109E11 /* SettingsAvailableShortcuts.swift */,
				518C0D492B6605E00085308C /* SettingsAvailableApps.swift */,
				519D47F42A509B9F00928EF8 /* SettingsMessages.swift */,
				51D5FAA42A70E36600006225 /* SettingsSubscription.swift */,
				519D47F62A509BC400928EF8 /* SettingsReset.swift */,
			);
			path = Settings;
			sourceTree = "<group>";
		};
		51F2103C2A4E29450046D66B /* Frameworks */ = {
			isa = PBXGroup;
			children = (
				51F2103D2A4E29460046D66B /* XCTest.framework */,
			);
			name = Frameworks;
			sourceTree = "<group>";
		};
		E9775BD12B5C2698002B333A /* ProSellingPoints */ = {
			isa = PBXGroup;
			children = (
				E9775BD22B5C26A9002B333A /* VDProUnlimitedApps.swift */,
			);
			path = ProSellingPoints;
			sourceTree = "<group>";
		};
		E98971942A6DAFE50067A398 /* IconsServer */ = {
			isa = PBXGroup;
			children = (
				E98971982A6DB0A90067A398 /* .gitignore */,
				E98971992A6DB0A90067A398 /* icons */,
				E98971972A6DB0A90067A398 /* package-lock.json */,
				E98971962A6DB0A90067A398 /* package.json */,
				E989719A2A6DB0A90067A398 /* src */,
				E98971952A6DB0A90067A398 /* tsconfig.json */,
			);
			path = IconsServer;
			sourceTree = "<group>";
		};
/* End PBXGroup section */

/* Begin PBXNativeTarget section */
		510C09442A4CFD4B001B26A0 /* SpatialDock */ = {
			isa = PBXNativeTarget;
			buildConfigurationList = 510C09692A4CFD4D001B26A0 /* Build configuration list for PBXNativeTarget "SpatialDock" */;
			buildPhases = (
				510C09412A4CFD4B001B26A0 /* Sources */,
				510C09422A4CFD4B001B26A0 /* Frameworks */,
				510C09432A4CFD4B001B26A0 /* Resources */,
			);
			buildRules = (
			);
			dependencies = (
			);
			name = SpatialDock;
			productName = VisionDock;
			productReference = 510C09452A4CFD4B001B26A0 /* SpatialDock.app */;
			productType = "com.apple.product-type.application";
		};
		510C09542A4CFD4D001B26A0 /* SpatialDockTests */ = {
			isa = PBXNativeTarget;
			buildConfigurationList = 510C096C2A4CFD4D001B26A0 /* Build configuration list for PBXNativeTarget "SpatialDockTests" */;
			buildPhases = (
				510C09512A4CFD4D001B26A0 /* Sources */,
				510C09522A4CFD4D001B26A0 /* Frameworks */,
				510C09532A4CFD4D001B26A0 /* Resources */,
			);
			buildRules = (
			);
			dependencies = (
				510C09572A4CFD4D001B26A0 /* PBXTargetDependency */,
			);
			name = SpatialDockTests;
			productName = VisionDockTests;
			productReference = 510C09552A4CFD4D001B26A0 /* SpatialDockTests.xctest */;
			productType = "com.apple.product-type.bundle.unit-test";
		};
		510C095E2A4CFD4D001B26A0 /* SpatialDockUITests */ = {
			isa = PBXNativeTarget;
			buildConfigurationList = 510C096F2A4CFD4D001B26A0 /* Build configuration list for PBXNativeTarget "SpatialDockUITests" */;
			buildPhases = (
				510C095B2A4CFD4D001B26A0 /* Sources */,
				510C095C2A4CFD4D001B26A0 /* Frameworks */,
				510C095D2A4CFD4D001B26A0 /* Resources */,
			);
			buildRules = (
			);
			dependencies = (
				510C09612A4CFD4D001B26A0 /* PBXTargetDependency */,
			);
			name = SpatialDockUITests;
			productName = VisionDockUITests;
			productReference = 510C095F2A4CFD4D001B26A0 /* SpatialDockUITests.xctest */;
			productType = "com.apple.product-type.bundle.ui-testing";
		};
/* End PBXNativeTarget section */

/* Begin PBXProject section */
		510C093D2A4CFD4B001B26A0 /* Project object */ = {
			isa = PBXProject;
			attributes = {
				BuildIndependentTargetsInParallel = 1;
				LastSwiftUpdateCheck = 1500;
				LastUpgradeCheck = 1500;
				TargetAttributes = {
					510C09442A4CFD4B001B26A0 = {
						CreatedOnToolsVersion = 15.0;
					};
					510C09542A4CFD4D001B26A0 = {
						CreatedOnToolsVersion = 15.0;
						TestTargetID = 510C09442A4CFD4B001B26A0;
					};
					510C095E2A4CFD4D001B26A0 = {
						CreatedOnToolsVersion = 15.0;
						TestTargetID = 510C09442A4CFD4B001B26A0;
					};
				};
			};
			buildConfigurationList = 510C09402A4CFD4B001B26A0 /* Build configuration list for PBXProject "SpatialDock" */;
			compatibilityVersion = "Xcode 14.0";
			developmentRegion = en;
			hasScannedForEncodings = 0;
			knownRegions = (
				en,
				Base,
			);
			mainGroup = 510C093C2A4CFD4B001B26A0;
			productRefGroup = 510C09462A4CFD4B001B26A0 /* Products */;
			projectDirPath = "";
			projectRoot = "";
			targets = (
				510C09442A4CFD4B001B26A0 /* SpatialDock */,
				510C09542A4CFD4D001B26A0 /* SpatialDockTests */,
				510C095E2A4CFD4D001B26A0 /* SpatialDockUITests */,
			);
		};
/* End PBXProject section */

/* Begin PBXResourcesBuildPhase section */
		510C09432A4CFD4B001B26A0 /* Resources */ = {
			isa = PBXResourcesBuildPhase;
			buildActionMask = 2147483647;
			files = (
				E989719C2A6DB0A90067A398 /* package.json in Resources */,
				E989719B2A6DB0A90067A398 /* tsconfig.json in Resources */,
				E989719D2A6DB0A90067A398 /* package-lock.json in Resources */,
				E98971A02A6DB0A90067A398 /* src in Resources */,
				510C09502A4CFD4D001B26A0 /* Preview Assets.xcassets in Resources */,
				E989719E2A6DB0A90067A398 /* .gitignore in Resources */,
				E989719F2A6DB0A90067A398 /* icons in Resources */,
				510C094D2A4CFD4D001B26A0 /* Assets.xcassets in Resources */,
			);
			runOnlyForDeploymentPostprocessing = 0;
		};
		510C09532A4CFD4D001B26A0 /* Resources */ = {
			isa = PBXResourcesBuildPhase;
			buildActionMask = 2147483647;
			files = (
			);
			runOnlyForDeploymentPostprocessing = 0;
		};
		510C095D2A4CFD4D001B26A0 /* Resources */ = {
			isa = PBXResourcesBuildPhase;
			buildActionMask = 2147483647;
			files = (
			);
			runOnlyForDeploymentPostprocessing = 0;
		};
/* End PBXResourcesBuildPhase section */

/* Begin PBXSourcesBuildPhase section */
		510C09412A4CFD4B001B26A0 /* Sources */ = {
			isa = PBXSourcesBuildPhase;
			buildActionMask = 2147483647;
			files = (
				519D47EC2A50897C00928EF8 /* SettingsAbout.swift in Sources */,
				518C0D462B5EBB710085308C /* SettingsManageShortcuts.swift in Sources */,
				E9775BCE2B5C1EFF002B333A /* StoreController.swift in Sources */,
				51F2103B2A4E09FE0046D66B /* TimeManagement.swift in Sources */,
				518C0D4A2B6605E00085308C /* SettingsAvailableApps.swift in Sources */,
				519D47F32A509B9500928EF8 /* SettingsManageDock.swift in Sources */,
				518C0D482B5EC1F00085308C /* SettingsManageApps.swift in Sources */,
				510C094B2A4CFD4B001B26A0 /* ContentView.swift in Sources */,
				E91038E02A6DC0810077EB9A /* IconUtils.swift in Sources */,
				519D47EF2A509B7000928EF8 /* SettingsFeatures.swift in Sources */,
				E92219B22A929FA200D8BD82 /* AppManager.swift in Sources */,
				515FA8E32A58E1E200C38EF1 /* DragAndDrop.swift in Sources */,
				511418352A4F1A110077BAFF /* Settings.swift in Sources */,
				519D47F52A509B9F00928EF8 /* SettingsMessages.swift in Sources */,
				51E1D9872A7F34AC0060F979 /* FBFileManager.swift in Sources */,
				E9775BD02B5C207C002B333A /* ProductsView.swift in Sources */,
				E9775BD32B5C26A9002B333A /* VDProUnlimitedApps.swift in Sources */,
				518747882A77821300109E11 /* SettingsAvailableShortcuts.swift in Sources */,
				519D47F72A509BC400928EF8 /* SettingsReset.swift in Sources */,
				510C09492A4CFD4B001B26A0 /* VisionDockApp.swift in Sources */,
				51D5FAA52A70E36600006225 /* SettingsSubscription.swift in Sources */,
			);
			runOnlyForDeploymentPostprocessing = 0;
		};
		510C09512A4CFD4D001B26A0 /* Sources */ = {
			isa = PBXSourcesBuildPhase;
			buildActionMask = 2147483647;
			files = (
				510C095A2A4CFD4D001B26A0 /* VisionDockTests.swift in Sources */,
			);
			runOnlyForDeploymentPostprocessing = 0;
		};
		510C095B2A4CFD4D001B26A0 /* Sources */ = {
			isa = PBXSourcesBuildPhase;
			buildActionMask = 2147483647;
			files = (
				510C09642A4CFD4D001B26A0 /* VisionDockUITests.swift in Sources */,
				510C09662A4CFD4D001B26A0 /* VisionDockUITestsLaunchTests.swift in Sources */,
			);
			runOnlyForDeploymentPostprocessing = 0;
		};
/* End PBXSourcesBuildPhase section */

/* Begin PBXTargetDependency section */
		510C09572A4CFD4D001B26A0 /* PBXTargetDependency */ = {
			isa = PBXTargetDependency;
			target = 510C09442A4CFD4B001B26A0 /* SpatialDock */;
			targetProxy = 510C09562A4CFD4D001B26A0 /* PBXContainerItemProxy */;
		};
		510C09612A4CFD4D001B26A0 /* PBXTargetDependency */ = {
			isa = PBXTargetDependency;
			target = 510C09442A4CFD4B001B26A0 /* SpatialDock */;
			targetProxy = 510C09602A4CFD4D001B26A0 /* PBXContainerItemProxy */;
		};
/* End PBXTargetDependency section */

/* Begin XCBuildConfiguration section */
		510C09672A4CFD4D001B26A0 /* Debug */ = {
			isa = XCBuildConfiguration;
			buildSettings = {
				ALWAYS_SEARCH_USER_PATHS = NO;
				ASSETCATALOG_COMPILER_GENERATE_SWIFT_ASSET_SYMBOL_EXTENSIONS = YES;
				CLANG_ANALYZER_NONNULL = YES;
				CLANG_ANALYZER_NUMBER_OBJECT_CONVERSION = YES_AGGRESSIVE;
				CLANG_CXX_LANGUAGE_STANDARD = "gnu++20";
				CLANG_ENABLE_MODULES = YES;
				CLANG_ENABLE_OBJC_ARC = YES;
				CLANG_ENABLE_OBJC_WEAK = YES;
				CLANG_WARN_BLOCK_CAPTURE_AUTORELEASING = YES;
				CLANG_WARN_BOOL_CONVERSION = YES;
				CLANG_WARN_COMMA = YES;
				CLANG_WARN_CONSTANT_CONVERSION = YES;
				CLANG_WARN_DEPRECATED_OBJC_IMPLEMENTATIONS = YES;
				CLANG_WARN_DIRECT_OBJC_ISA_USAGE = YES_ERROR;
				CLANG_WARN_DOCUMENTATION_COMMENTS = YES;
				CLANG_WARN_EMPTY_BODY = YES;
				CLANG_WARN_ENUM_CONVERSION = YES;
				CLANG_WARN_INFINITE_RECURSION = YES;
				CLANG_WARN_INT_CONVERSION = YES;
				CLANG_WARN_NON_LITERAL_NULL_CONVERSION = YES;
				CLANG_WARN_OBJC_IMPLICIT_RETAIN_SELF = YES;
				CLANG_WARN_OBJC_LITERAL_CONVERSION = YES;
				CLANG_WARN_OBJC_ROOT_CLASS = YES_ERROR;
				CLANG_WARN_QUOTED_INCLUDE_IN_FRAMEWORK_HEADER = YES;
				CLANG_WARN_RANGE_LOOP_ANALYSIS = YES;
				CLANG_WARN_STRICT_PROTOTYPES = YES;
				CLANG_WARN_SUSPICIOUS_MOVE = YES;
				CLANG_WARN_UNGUARDED_AVAILABILITY = YES_AGGRESSIVE;
				CLANG_WARN_UNREACHABLE_CODE = YES;
				CLANG_WARN__DUPLICATE_METHOD_MATCH = YES;
				COPY_PHASE_STRIP = NO;
				DEBUG_INFORMATION_FORMAT = dwarf;
				ENABLE_STRICT_OBJC_MSGSEND = YES;
				ENABLE_TESTABILITY = YES;
				ENABLE_USER_SCRIPT_SANDBOXING = YES;
				GCC_C_LANGUAGE_STANDARD = gnu17;
				GCC_DYNAMIC_NO_PIC = NO;
				GCC_NO_COMMON_BLOCKS = YES;
				GCC_OPTIMIZATION_LEVEL = 0;
				GCC_PREPROCESSOR_DEFINITIONS = (
					"DEBUG=1",
					"$(inherited)",
				);
				GCC_WARN_64_TO_32_BIT_CONVERSION = YES;
				GCC_WARN_ABOUT_RETURN_TYPE = YES_ERROR;
				GCC_WARN_UNDECLARED_SELECTOR = YES;
				GCC_WARN_UNINITIALIZED_AUTOS = YES_AGGRESSIVE;
				GCC_WARN_UNUSED_FUNCTION = YES;
				GCC_WARN_UNUSED_VARIABLE = YES;
				IPHONEOS_DEPLOYMENT_TARGET = 17.0;
				LOCALIZATION_PREFERS_STRING_CATALOGS = YES;
				MTL_ENABLE_DEBUG_INFO = INCLUDE_SOURCE;
				MTL_FAST_MATH = YES;
				ONLY_ACTIVE_ARCH = YES;
				SDKROOT = iphoneos;
				SWIFT_ACTIVE_COMPILATION_CONDITIONS = "DEBUG $(inherited)";
				SWIFT_OPTIMIZATION_LEVEL = "-Onone";
			};
			name = Debug;
		};
		510C09682A4CFD4D001B26A0 /* Release */ = {
			isa = XCBuildConfiguration;
			buildSettings = {
				ALWAYS_SEARCH_USER_PATHS = NO;
				ASSETCATALOG_COMPILER_GENERATE_SWIFT_ASSET_SYMBOL_EXTENSIONS = YES;
				CLANG_ANALYZER_NONNULL = YES;
				CLANG_ANALYZER_NUMBER_OBJECT_CONVERSION = YES_AGGRESSIVE;
				CLANG_CXX_LANGUAGE_STANDARD = "gnu++20";
				CLANG_ENABLE_MODULES = YES;
				CLANG_ENABLE_OBJC_ARC = YES;
				CLANG_ENABLE_OBJC_WEAK = YES;
				CLANG_WARN_BLOCK_CAPTURE_AUTORELEASING = YES;
				CLANG_WARN_BOOL_CONVERSION = YES;
				CLANG_WARN_COMMA = YES;
				CLANG_WARN_CONSTANT_CONVERSION = YES;
				CLANG_WARN_DEPRECATED_OBJC_IMPLEMENTATIONS = YES;
				CLANG_WARN_DIRECT_OBJC_ISA_USAGE = YES_ERROR;
				CLANG_WARN_DOCUMENTATION_COMMENTS = YES;
				CLANG_WARN_EMPTY_BODY = YES;
				CLANG_WARN_ENUM_CONVERSION = YES;
				CLANG_WARN_INFINITE_RECURSION = YES;
				CLANG_WARN_INT_CONVERSION = YES;
				CLANG_WARN_NON_LITERAL_NULL_CONVERSION = YES;
				CLANG_WARN_OBJC_IMPLICIT_RETAIN_SELF = YES;
				CLANG_WARN_OBJC_LITERAL_CONVERSION = YES;
				CLANG_WARN_OBJC_ROOT_CLASS = YES_ERROR;
				CLANG_WARN_QUOTED_INCLUDE_IN_FRAMEWORK_HEADER = YES;
				CLANG_WARN_RANGE_LOOP_ANALYSIS = YES;
				CLANG_WARN_STRICT_PROTOTYPES = YES;
				CLANG_WARN_SUSPICIOUS_MOVE = YES;
				CLANG_WARN_UNGUARDED_AVAILABILITY = YES_AGGRESSIVE;
				CLANG_WARN_UNREACHABLE_CODE = YES;
				CLANG_WARN__DUPLICATE_METHOD_MATCH = YES;
				COPY_PHASE_STRIP = NO;
				DEBUG_INFORMATION_FORMAT = "dwarf-with-dsym";
				ENABLE_NS_ASSERTIONS = NO;
				ENABLE_STRICT_OBJC_MSGSEND = YES;
				ENABLE_USER_SCRIPT_SANDBOXING = YES;
				GCC_C_LANGUAGE_STANDARD = gnu17;
				GCC_NO_COMMON_BLOCKS = YES;
				GCC_WARN_64_TO_32_BIT_CONVERSION = YES;
				GCC_WARN_ABOUT_RETURN_TYPE = YES_ERROR;
				GCC_WARN_UNDECLARED_SELECTOR = YES;
				GCC_WARN_UNINITIALIZED_AUTOS = YES_AGGRESSIVE;
				GCC_WARN_UNUSED_FUNCTION = YES;
				GCC_WARN_UNUSED_VARIABLE = YES;
				IPHONEOS_DEPLOYMENT_TARGET = 17.0;
				LOCALIZATION_PREFERS_STRING_CATALOGS = YES;
				MTL_ENABLE_DEBUG_INFO = NO;
				MTL_FAST_MATH = YES;
				SDKROOT = iphoneos;
				SWIFT_COMPILATION_MODE = wholemodule;
				VALIDATE_PRODUCT = YES;
			};
			name = Release;
		};
		510C096A2A4CFD4D001B26A0 /* Debug */ = {
			isa = XCBuildConfiguration;
			buildSettings = {
				ASSETCATALOG_COMPILER_APPICON_NAME = AppIcon;
				ASSETCATALOG_COMPILER_GLOBAL_ACCENT_COLOR_NAME = AccentColor;
				CODE_SIGN_STYLE = Automatic;
				CURRENT_PROJECT_VERSION = 6;
				DEVELOPMENT_ASSET_PATHS = "\"VisionDock/Preview Content\"";
				DEVELOPMENT_TEAM = MQSQC2BH9W;
				ENABLE_PREVIEWS = YES;
				GENERATE_INFOPLIST_FILE = YES;
				INFOPLIST_FILE = "SpatialDock-Info.plist";
				INFOPLIST_KEY_UIApplicationSceneManifest_Generation = YES;
				INFOPLIST_KEY_UIApplicationSupportsIndirectInputEvents = YES;
				INFOPLIST_KEY_UILaunchScreen_Generation = YES;
				INFOPLIST_KEY_UISupportedInterfaceOrientations_iPad = "UIInterfaceOrientationPortrait UIInterfaceOrientationPortraitUpsideDown UIInterfaceOrientationLandscapeLeft UIInterfaceOrientationLandscapeRight";
				INFOPLIST_KEY_UISupportedInterfaceOrientations_iPhone = "UIInterfaceOrientationPortrait UIInterfaceOrientationLandscapeLeft UIInterfaceOrientationLandscapeRight";
				LD_RUNPATH_SEARCH_PATHS = (
					"$(inherited)",
					"@executable_path/Frameworks",
				);
				MARKETING_VERSION = 1.0;
				PRODUCT_BUNDLE_IDENTIFIER = com.exDevelopments.SpatialDock;
				PRODUCT_NAME = "$(TARGET_NAME)";
				SUPPORTED_PLATFORMS = "xros xrsimulator";
				SUPPORTS_MACCATALYST = NO;
				SUPPORTS_MAC_DESIGNED_FOR_IPHONE_IPAD = NO;
				SUPPORTS_XR_DESIGNED_FOR_IPHONE_IPAD = NO;
				SWIFT_EMIT_LOC_STRINGS = YES;
				SWIFT_VERSION = 5.0;
			};
			name = Debug;
		};
		510C096B2A4CFD4D001B26A0 /* Release */ = {
			isa = XCBuildConfiguration;
			buildSettings = {
				ASSETCATALOG_COMPILER_APPICON_NAME = AppIcon;
				ASSETCATALOG_COMPILER_GLOBAL_ACCENT_COLOR_NAME = AccentColor;
				CODE_SIGN_STYLE = Automatic;
				CURRENT_PROJECT_VERSION = 6;
				DEVELOPMENT_ASSET_PATHS = "\"VisionDock/Preview Content\"";
				DEVELOPMENT_TEAM = MQSQC2BH9W;
				ENABLE_PREVIEWS = YES;
				GENERATE_INFOPLIST_FILE = YES;
				INFOPLIST_FILE = "SpatialDock-Info.plist";
				INFOPLIST_KEY_UIApplicationSceneManifest_Generation = YES;
				INFOPLIST_KEY_UIApplicationSupportsIndirectInputEvents = YES;
				INFOPLIST_KEY_UILaunchScreen_Generation = YES;
				INFOPLIST_KEY_UISupportedInterfaceOrientations_iPad = "UIInterfaceOrientationPortrait UIInterfaceOrientationPortraitUpsideDown UIInterfaceOrientationLandscapeLeft UIInterfaceOrientationLandscapeRight";
				INFOPLIST_KEY_UISupportedInterfaceOrientations_iPhone = "UIInterfaceOrientationPortrait UIInterfaceOrientationLandscapeLeft UIInterfaceOrientationLandscapeRight";
				LD_RUNPATH_SEARCH_PATHS = (
					"$(inherited)",
					"@executable_path/Frameworks",
				);
				MARKETING_VERSION = 1.0;
				PRODUCT_BUNDLE_IDENTIFIER = com.exDevelopments.SpatialDock;
				PRODUCT_NAME = "$(TARGET_NAME)";
				SUPPORTED_PLATFORMS = "xros xrsimulator";
				SUPPORTS_MACCATALYST = NO;
				SUPPORTS_MAC_DESIGNED_FOR_IPHONE_IPAD = NO;
				SUPPORTS_XR_DESIGNED_FOR_IPHONE_IPAD = NO;
				SWIFT_EMIT_LOC_STRINGS = YES;
				SWIFT_VERSION = 5.0;
			};
			name = Release;
		};
		510C096D2A4CFD4D001B26A0 /* Debug */ = {
			isa = XCBuildConfiguration;
			buildSettings = {
				ALWAYS_EMBED_SWIFT_STANDARD_LIBRARIES = YES;
				BUNDLE_LOADER = "$(TEST_HOST)";
				CODE_SIGN_STYLE = Automatic;
				CURRENT_PROJECT_VERSION = 1;
				DEVELOPMENT_TEAM = MQSQC2BH9W;
				GENERATE_INFOPLIST_FILE = YES;
				IPHONEOS_DEPLOYMENT_TARGET = 17.0;
				MARKETING_VERSION = 1.0;
				PRODUCT_BUNDLE_IDENTIFIER = com.exDevelopments.VisionDockTests;
				PRODUCT_NAME = "$(TARGET_NAME)";
				SWIFT_EMIT_LOC_STRINGS = NO;
				SWIFT_VERSION = 5.0;
				TARGETED_DEVICE_FAMILY = "1,2";
				TEST_HOST = "$(BUILT_PRODUCTS_DIR)/SpatialDock.app/$(BUNDLE_EXECUTABLE_FOLDER_PATH)/SpatialDock";
			};
			name = Debug;
		};
		510C096E2A4CFD4D001B26A0 /* Release */ = {
			isa = XCBuildConfiguration;
			buildSettings = {
				ALWAYS_EMBED_SWIFT_STANDARD_LIBRARIES = YES;
				BUNDLE_LOADER = "$(TEST_HOST)";
				CODE_SIGN_STYLE = Automatic;
				CURRENT_PROJECT_VERSION = 1;
				DEVELOPMENT_TEAM = MQSQC2BH9W;
				GENERATE_INFOPLIST_FILE = YES;
				IPHONEOS_DEPLOYMENT_TARGET = 17.0;
				MARKETING_VERSION = 1.0;
				PRODUCT_BUNDLE_IDENTIFIER = com.exDevelopments.VisionDockTests;
				PRODUCT_NAME = "$(TARGET_NAME)";
				SWIFT_EMIT_LOC_STRINGS = NO;
				SWIFT_VERSION = 5.0;
				TARGETED_DEVICE_FAMILY = "1,2";
				TEST_HOST = "$(BUILT_PRODUCTS_DIR)/SpatialDock.app/$(BUNDLE_EXECUTABLE_FOLDER_PATH)/SpatialDock";
			};
			name = Release;
		};
		510C09702A4CFD4D001B26A0 /* Debug */ = {
			isa = XCBuildConfiguration;
			buildSettings = {
				ALWAYS_EMBED_SWIFT_STANDARD_LIBRARIES = YES;
				CODE_SIGN_STYLE = Automatic;
				CURRENT_PROJECT_VERSION = 1;
				DEVELOPMENT_TEAM = MQSQC2BH9W;
				GENERATE_INFOPLIST_FILE = YES;
				MARKETING_VERSION = 1.0;
				PRODUCT_BUNDLE_IDENTIFIER = com.exDevelopments.VisionDockUITests;
				PRODUCT_NAME = "$(TARGET_NAME)";
				SWIFT_EMIT_LOC_STRINGS = NO;
				SWIFT_VERSION = 5.0;
				TARGETED_DEVICE_FAMILY = "1,2";
				TEST_TARGET_NAME = VisionDock;
			};
			name = Debug;
		};
		510C09712A4CFD4D001B26A0 /* Release */ = {
			isa = XCBuildConfiguration;
			buildSettings = {
				ALWAYS_EMBED_SWIFT_STANDARD_LIBRARIES = YES;
				CODE_SIGN_STYLE = Automatic;
				CURRENT_PROJECT_VERSION = 1;
				DEVELOPMENT_TEAM = MQSQC2BH9W;
				GENERATE_INFOPLIST_FILE = YES;
				MARKETING_VERSION = 1.0;
				PRODUCT_BUNDLE_IDENTIFIER = com.exDevelopments.VisionDockUITests;
				PRODUCT_NAME = "$(TARGET_NAME)";
				SWIFT_EMIT_LOC_STRINGS = NO;
				SWIFT_VERSION = 5.0;
				TARGETED_DEVICE_FAMILY = "1,2";
				TEST_TARGET_NAME = VisionDock;
			};
			name = Release;
		};
/* End XCBuildConfiguration section */

/* Begin XCConfigurationList section */
		510C09402A4CFD4B001B26A0 /* Build configuration list for PBXProject "SpatialDock" */ = {
			isa = XCConfigurationList;
			buildConfigurations = (
				510C09672A4CFD4D001B26A0 /* Debug */,
				510C09682A4CFD4D001B26A0 /* Release */,
			);
			defaultConfigurationIsVisible = 0;
			defaultConfigurationName = Release;
		};
		510C09692A4CFD4D001B26A0 /* Build configuration list for PBXNativeTarget "SpatialDock" */ = {
			isa = XCConfigurationList;
			buildConfigurations = (
				510C096A2A4CFD4D001B26A0 /* Debug */,
				510C096B2A4CFD4D001B26A0 /* Release */,
			);
			defaultConfigurationIsVisible = 0;
			defaultConfigurationName = Release;
		};
		510C096C2A4CFD4D001B26A0 /* Build configuration list for PBXNativeTarget "SpatialDockTests" */ = {
			isa = XCConfigurationList;
			buildConfigurations = (
				510C096D2A4CFD4D001B26A0 /* Debug */,
				510C096E2A4CFD4D001B26A0 /* Release */,
			);
			defaultConfigurationIsVisible = 0;
			defaultConfigurationName = Release;
		};
		510C096F2A4CFD4D001B26A0 /* Build configuration list for PBXNativeTarget "SpatialDockUITests" */ = {
			isa = XCConfigurationList;
			buildConfigurations = (
				510C09702A4CFD4D001B26A0 /* Debug */,
				510C09712A4CFD4D001B26A0 /* Release */,
			);
			defaultConfigurationIsVisible = 0;
			defaultConfigurationName = Release;
		};
/* End XCConfigurationList section */
	};
	rootObject = 510C093D2A4CFD4B001B26A0 /* Project object */;
}
